// !$*UTF8*$!
{
	archiveVersion = 1;
	classes = {
	};
	objectVersion = 46;
	objects = {

/* Begin PBXBuildFile section */
		E0479B8C1A84DC89005C7092 /* RJStudentDetailsController.m in Sources */ = {isa = PBXBuildFile; fileRef = E0479B8B1A84DC89005C7092 /* RJStudentDetailsController.m */; };
		E0B61A311A84940B00F0A72C /* main.m in Sources */ = {isa = PBXBuildFile; fileRef = E0B61A301A84940B00F0A72C /* main.m */; };
		E0B61A341A84940B00F0A72C /* AppDelegate.m in Sources */ = {isa = PBXBuildFile; fileRef = E0B61A331A84940B00F0A72C /* AppDelegate.m */; };
		E0B61A371A84940B00F0A72C /* ViewController.m in Sources */ = {isa = PBXBuildFile; fileRef = E0B61A361A84940B00F0A72C /* ViewController.m */; };
		E0B61A3A1A84940B00F0A72C /* Main.storyboard in Resources */ = {isa = PBXBuildFile; fileRef = E0B61A381A84940B00F0A72C /* Main.storyboard */; };
		E0B61A3C1A84940B00F0A72C /* Images.xcassets in Resources */ = {isa = PBXBuildFile; fileRef = E0B61A3B1A84940B00F0A72C /* Images.xcassets */; };
		E0B61A3F1A84940B00F0A72C /* LaunchScreen.xib in Resources */ = {isa = PBXBuildFile; fileRef = E0B61A3D1A84940B00F0A72C /* LaunchScreen.xib */; };
		E0B61A4B1A84940B00F0A72C /* Lesson37_38ExTests.m in Sources */ = {isa = PBXBuildFile; fileRef = E0B61A4A1A84940B00F0A72C /* Lesson37_38ExTests.m */; };
		E0B61A551A84942400F0A72C /* MapKit.framework in Frameworks */ = {isa = PBXBuildFile; fileRef = E0B61A541A84942400F0A72C /* MapKit.framework */; };
		E0B61A581A849AC600F0A72C /* RJStudent.m in Sources */ = {isa = PBXBuildFile; fileRef = E0B61A571A849AC600F0A72C /* RJStudent.m */; };
		E0B61A5B1A84AD1800F0A72C /* RJMapAnnotation.m in Sources */ = {isa = PBXBuildFile; fileRef = E0B61A5A1A84AD1800F0A72C /* RJMapAnnotation.m */; };
		E0B61A5E1A84C2DE00F0A72C /* female.png in Resources */ = {isa = PBXBuildFile; fileRef = E0B61A5C1A84C2DE00F0A72C /* female.png */; };
		E0B61A5F1A84C2DE00F0A72C /* male.png in Resources */ = {isa = PBXBuildFile; fileRef = E0B61A5D1A84C2DE00F0A72C /* male.png */; };
/* End PBXBuildFile section */

/* Begin PBXContainerItemProxy section */
		E0B61A451A84940B00F0A72C /* PBXContainerItemProxy */ = {
			isa = PBXContainerItemProxy;
			containerPortal = E0B61A231A84940B00F0A72C /* Project object */;
			proxyType = 1;
			remoteGlobalIDString = E0B61A2A1A84940B00F0A72C;
			remoteInfo = "Lesson37-38Ex";
		};
/* End PBXContainerItemProxy section */

/* Begin PBXFileReference section */
		E0479B8A1A84DC89005C7092 /* RJStudentDetailsController.h */ = {isa = PBXFileReference; fileEncoding = 4; lastKnownFileType = sourcecode.c.h; path = RJStudentDetailsController.h; sourceTree = "<group>"; };
		E0479B8B1A84DC89005C7092 /* RJStudentDetailsController.m */ = {isa = PBXFileReference; fileEncoding = 4; lastKnownFileType = sourcecode.c.objc; path = RJStudentDetailsController.m; sourceTree = "<group>"; };
		E0B61A2B1A84940B00F0A72C /* Lesson37-38Ex.app */ = {isa = PBXFileReference; explicitFileType = wrapper.application; includeInIndex = 0; path = "Lesson37-38Ex.app"; sourceTree = BUILT_PRODUCTS_DIR; };
		E0B61A2F1A84940B00F0A72C /* Info.plist */ = {isa = PBXFileReference; lastKnownFileType = text.plist.xml; path = Info.plist; sourceTree = "<group>"; };
		E0B61A301A84940B00F0A72C /* main.m */ = {isa = PBXFileReference; lastKnownFileType = sourcecode.c.objc; path = main.m; sourceTree = "<group>"; };
		E0B61A321A84940B00F0A72C /* AppDelegate.h */ = {isa = PBXFileReference; lastKnownFileType = sourcecode.c.h; path = AppDelegate.h; sourceTree = "<group>"; };
		E0B61A331A84940B00F0A72C /* AppDelegate.m */ = {isa = PBXFileReference; lastKnownFileType = sourcecode.c.objc; path = AppDelegate.m; sourceTree = "<group>"; };
		E0B61A351A84940B00F0A72C /* ViewController.h */ = {isa = PBXFileReference; lastKnownFileType = sourcecode.c.h; path = ViewController.h; sourceTree = "<group>"; };
		E0B61A361A84940B00F0A72C /* ViewController.m */ = {isa = PBXFileReference; lastKnownFileType = sourcecode.c.objc; path = ViewController.m; sourceTree = "<group>"; };
		E0B61A391A84940B00F0A72C /* Base */ = {isa = PBXFileReference; lastKnownFileType = file.storyboard; name = Base; path = Base.lproj/Main.storyboard; sourceTree = "<group>"; };
		E0B61A3B1A84940B00F0A72C /* Images.xcassets */ = {isa = PBXFileReference; lastKnownFileType = folder.assetcatalog; path = Images.xcassets; sourceTree = "<group>"; };
		E0B61A3E1A84940B00F0A72C /* Base */ = {isa = PBXFileReference; lastKnownFileType = file.xib; name = Base; path = Base.lproj/LaunchScreen.xib; sourceTree = "<group>"; };
		E0B61A441A84940B00F0A72C /* Lesson37-38ExTests.xctest */ = {isa = PBXFileReference; explicitFileType = wrapper.cfbundle; includeInIndex = 0; path = "Lesson37-38ExTests.xctest"; sourceTree = BUILT_PRODUCTS_DIR; };
		E0B61A491A84940B00F0A72C /* Info.plist */ = {isa = PBXFileReference; lastKnownFileType = text.plist.xml; path = Info.plist; sourceTree = "<group>"; };
		E0B61A4A1A84940B00F0A72C /* Lesson37_38ExTests.m */ = {isa = PBXFileReference; lastKnownFileType = sourcecode.c.objc; path = Lesson37_38ExTests.m; sourceTree = "<group>"; };
		E0B61A541A84942400F0A72C /* MapKit.framework */ = {isa = PBXFileReference; lastKnownFileType = wrapper.framework; name = MapKit.framework; path = System/Library/Frameworks/MapKit.framework; sourceTree = SDKROOT; };
		E0B61A561A849AC600F0A72C /* RJStudent.h */ = {isa = PBXFileReference; fileEncoding = 4; lastKnownFileType = sourcecode.c.h; path = RJStudent.h; sourceTree = "<group>"; };
		E0B61A571A849AC600F0A72C /* RJStudent.m */ = {isa = PBXFileReference; fileEncoding = 4; lastKnownFileType = sourcecode.c.objc; path = RJStudent.m; sourceTree = "<group>"; };
		E0B61A591A84AD1800F0A72C /* RJMapAnnotation.h */ = {isa = PBXFileReference; fileEncoding = 4; lastKnownFileType = sourcecode.c.h; path = RJMapAnnotation.h; sourceTree = "<group>"; };
		E0B61A5A1A84AD1800F0A72C /* RJMapAnnotation.m */ = {isa = PBXFileReference; fileEncoding = 4; lastKnownFileType = sourcecode.c.objc; path = RJMapAnnotation.m; sourceTree = "<group>"; };
		E0B61A5C1A84C2DE00F0A72C /* female.png */ = {isa = PBXFileReference; lastKnownFileType = image.png; name = female.png; path = Images/female.png; sourceTree = SOURCE_ROOT; };
		E0B61A5D1A84C2DE00F0A72C /* male.png */ = {isa = PBXFileReference; lastKnownFileType = image.png; name = male.png; path = Images/male.png; sourceTree = SOURCE_ROOT; };
/* End PBXFileReference section */

/* Begin PBXFrameworksBuildPhase section */
		E0B61A281A84940B00F0A72C /* Frameworks */ = {
			isa = PBXFrameworksBuildPhase;
			buildActionMask = 2147483647;
			files = (
				E0B61A551A84942400F0A72C /* MapKit.framework in Frameworks */,
			);
			runOnlyForDeploymentPostprocessing = 0;
		};
		E0B61A411A84940B00F0A72C /* Frameworks */ = {
			isa = PBXFrameworksBuildPhase;
			buildActionMask = 2147483647;
			files = (
			);
			runOnlyForDeploymentPostprocessing = 0;
		};
/* End PBXFrameworksBuildPhase section */

/* Begin PBXGroup section */
		E0B61A221A84940B00F0A72C = {
			isa = PBXGroup;
			children = (
				E0B61A541A84942400F0A72C /* MapKit.framework */,
				E0B61A2D1A84940B00F0A72C /* Lesson37-38Ex */,
				E0B61A471A84940B00F0A72C /* Lesson37-38ExTests */,
				E0B61A2C1A84940B00F0A72C /* Products */,
			);
			sourceTree = "<group>";
		};
		E0B61A2C1A84940B00F0A72C /* Products */ = {
			isa = PBXGroup;
			children = (
				E0B61A2B1A84940B00F0A72C /* Lesson37-38Ex.app */,
				E0B61A441A84940B00F0A72C /* Lesson37-38ExTests.xctest */,
			);
			name = Products;
			sourceTree = "<group>";
		};
		E0B61A2D1A84940B00F0A72C /* Lesson37-38Ex */ = {
			isa = PBXGroup;
			children = (
				E0B61A591A84AD1800F0A72C /* RJMapAnnotation.h */,
				E0B61A5A1A84AD1800F0A72C /* RJMapAnnotation.m */,
				E0B61A321A84940B00F0A72C /* AppDelegate.h */,
				E0B61A331A84940B00F0A72C /* AppDelegate.m */,
				E0B61A561A849AC600F0A72C /* RJStudent.h */,
				E0B61A571A849AC600F0A72C /* RJStudent.m */,
				E0479B8A1A84DC89005C7092 /* RJStudentDetailsController.h */,
				E0479B8B1A84DC89005C7092 /* RJStudentDetailsController.m */,
				E0B61A351A84940B00F0A72C /* ViewController.h */,
				E0B61A361A84940B00F0A72C /* ViewController.m */,
				E0B61A381A84940B00F0A72C /* Main.storyboard */,
				E0B61A3B1A84940B00F0A72C /* Images.xcassets */,
				E0B61A3D1A84940B00F0A72C /* LaunchScreen.xib */,
				E0B61A2E1A84940B00F0A72C /* Supporting Files */,
			);
			path = "Lesson37-38Ex";
			sourceTree = "<group>";
		};
		E0B61A2E1A84940B00F0A72C /* Supporting Files */ = {
			isa = PBXGroup;
			children = (
				E0B61A5C1A84C2DE00F0A72C /* female.png */,
				E0B61A5D1A84C2DE00F0A72C /* male.png */,
				E0B61A2F1A84940B00F0A72C /* Info.plist */,
				E0B61A301A84940B00F0A72C /* main.m */,
			);
			name = "Supporting Files";
			sourceTree = "<group>";
		};
		E0B61A471A84940B00F0A72C /* Lesson37-38ExTests */ = {
			isa = PBXGroup;
			children = (
				E0B61A4A1A84940B00F0A72C /* Lesson37_38ExTests.m */,
				E0B61A481A84940B00F0A72C /* Supporting Files */,
			);
			path = "Lesson37-38ExTests";
			sourceTree = "<group>";
		};
		E0B61A481A84940B00F0A72C /* Supporting Files */ = {
			isa = PBXGroup;
			children = (
				E0B61A491A84940B00F0A72C /* Info.plist */,
			);
			name = "Supporting Files";
			sourceTree = "<group>";
		};
/* End PBXGroup section */

/* Begin PBXNativeTarget section */
		E0B61A2A1A84940B00F0A72C /* Lesson37-38Ex */ = {
			isa = PBXNativeTarget;
			buildConfigurationList = E0B61A4E1A84940B00F0A72C /* Build configuration list for PBXNativeTarget "Lesson37-38Ex" */;
			buildPhases = (
				E0B61A271A84940B00F0A72C /* Sources */,
				E0B61A281A84940B00F0A72C /* Frameworks */,
				E0B61A291A84940B00F0A72C /* Resources */,
			);
			buildRules = (
			);
			dependencies = (
			);
			name = "Lesson37-38Ex";
			productName = "Lesson37-38Ex";
			productReference = E0B61A2B1A84940B00F0A72C /* Lesson37-38Ex.app */;
			productType = "com.apple.product-type.application";
		};
		E0B61A431A84940B00F0A72C /* Lesson37-38ExTests */ = {
			isa = PBXNativeTarget;
			buildConfigurationList = E0B61A511A84940B00F0A72C /* Build configuration list for PBXNativeTarget "Lesson37-38ExTests" */;
			buildPhases = (
				E0B61A401A84940B00F0A72C /* Sources */,
				E0B61A411A84940B00F0A72C /* Frameworks */,
				E0B61A421A84940B00F0A72C /* Resources */,
			);
			buildRules = (
			);
			dependencies = (
				E0B61A461A84940B00F0A72C /* PBXTargetDependency */,
			);
			name = "Lesson37-38ExTests";
			productName = "Lesson37-38ExTests";
			productReference = E0B61A441A84940B00F0A72C /* Lesson37-38ExTests.xctest */;
			productType = "com.apple.product-type.bundle.unit-test";
		};
/* End PBXNativeTarget section */

/* Begin PBXProject section */
		E0B61A231A84940B00F0A72C /* Project object */ = {
			isa = PBXProject;
			attributes = {
				LastUpgradeCheck = 0610;
				ORGANIZATIONNAME = Hopreeeeenjust;
				TargetAttributes = {
					E0B61A2A1A84940B00F0A72C = {
						CreatedOnToolsVersion = 6.1.1;
					};
					E0B61A431A84940B00F0A72C = {
						CreatedOnToolsVersion = 6.1.1;
						TestTargetID = E0B61A2A1A84940B00F0A72C;
					};
				};
			};
			buildConfigurationList = E0B61A261A84940B00F0A72C /* Build configuration list for PBXProject "Lesson37-38Ex" */;
			compatibilityVersion = "Xcode 3.2";
			developmentRegion = English;
			hasScannedForEncodings = 0;
			knownRegions = (
				en,
				Base,
			);
			mainGroup = E0B61A221A84940B00F0A72C;
			productRefGroup = E0B61A2C1A84940B00F0A72C /* Products */;
			projectDirPath = "";
			projectRoot = "";
			targets = (
				E0B61A2A1A84940B00F0A72C /* Lesson37-38Ex */,
				E0B61A431A84940B00F0A72C /* Lesson37-38ExTests */,
			);
		};
/* End PBXProject section */

/* Begin PBXResourcesBuildPhase section */
		E0B61A291A84940B00F0A72C /* Resources */ = {
			isa = PBXResourcesBuildPhase;
			buildActionMask = 2147483647;
			files = (
				E0B61A3A1A84940B00F0A72C /* Main.storyboard in Resources */,
				E0B61A5F1A84C2DE00F0A72C /* male.png in Resources */,
				E0B61A3F1A84940B00F0A72C /* LaunchScreen.xib in Resources */,
				E0B61A3C1A84940B00F0A72C /* Images.xcassets in Resources */,
				E0B61A5E1A84C2DE00F0A72C /* female.png in Resources */,
			);
			runOnlyForDeploymentPostprocessing = 0;
		};
		E0B61A421A84940B00F0A72C /* Resources */ = {
			isa = PBXResourcesBuildPhase;
			buildActionMask = 2147483647;
			files = (
			);
			runOnlyForDeploymentPostprocessing = 0;
		};
/* End PBXResourcesBuildPhase section */

/* Begin PBXSourcesBuildPhase section */
		E0B61A271A84940B00F0A72C /* Sources */ = {
			isa = PBXSourcesBuildPhase;
			buildActionMask = 2147483647;
			files = (
				E0B61A5B1A84AD1800F0A72C /* RJMapAnnotation.m in Sources */,
				E0B61A371A84940B00F0A72C /* ViewController.m in Sources */,
				E0B61A581A849AC600F0A72C /* RJStudent.m in Sources */,
				E0B61A341A84940B00F0A72C /* AppDelegate.m in Sources */,
				E0479B8C1A84DC89005C7092 /* RJStudentDetailsController.m in Sources */,
				E0B61A311A84940B00F0A72C /* main.m in Sources */,
			);
			runOnlyForDeploymentPostprocessing = 0;
		};
		E0B61A401A84940B00F0A72C /* Sources */ = {
			isa = PBXSourcesBuildPhase;
			buildActionMask = 2147483647;
			files = (
				E0B61A4B1A84940B00F0A72C /* Lesson37_38ExTests.m in Sources */,
			);
			runOnlyForDeploymentPostprocessing = 0;
		};
/* End PBXSourcesBuildPhase section */

/* Begin PBXTargetDependency section */
		E0B61A461A84940B00F0A72C /* PBXTargetDependency */ = {
			isa = PBXTargetDependency;
			target = E0B61A2A1A84940B00F0A72C /* Lesson37-38Ex */;
			targetProxy = E0B61A451A84940B00F0A72C /* PBXContainerItemProxy */;
		};
/* End PBXTargetDependency section */

/* Begin PBXVariantGroup section */
		E0B61A381A84940B00F0A72C /* Main.storyboard */ = {
			isa = PBXVariantGroup;
			children = (
				E0B61A391A84940B00F0A72C /* Base */,
			);
			name = Main.storyboard;
			sourceTree = "<group>";
		};
		E0B61A3D1A84940B00F0A72C /* LaunchScreen.xib */ = {
			isa = PBXVariantGroup;
			children = (
				E0B61A3E1A84940B00F0A72C /* Base */,
			);
			name = LaunchScreen.xib;
			sourceTree = "<group>";
		};
/* End PBXVariantGroup section */

/* Begin XCBuildConfiguration section */
		E0B61A4C1A84940B00F0A72C /* Debug */ = {
			isa = XCBuildConfiguration;
			buildSettings = {
				ALWAYS_SEARCH_USER_PATHS = NO;
				CLANG_CXX_LANGUAGE_STANDARD = "gnu++0x";
				CLANG_CXX_LIBRARY = "libc++";
				CLANG_ENABLE_MODULES = YES;
				CLANG_ENABLE_OBJC_ARC = YES;
				CLANG_WARN_BOOL_CONVERSION = YES;
				CLANG_WARN_CONSTANT_CONVERSION = YES;
				CLANG_WARN_DIRECT_OBJC_ISA_USAGE = YES_ERROR;
				CLANG_WARN_EMPTY_BODY = YES;
				CLANG_WARN_ENUM_CONVERSION = YES;
				CLANG_WARN_INT_CONVERSION = YES;
				CLANG_WARN_OBJC_ROOT_CLASS = YES_ERROR;
				CLANG_WARN_UNREACHABLE_CODE = YES;
				CLANG_WARN__DUPLICATE_METHOD_MATCH = YES;
				"CODE_SIGN_IDENTITY[sdk=iphoneos*]" = "iPhone Developer";
				COPY_PHASE_STRIP = NO;
				ENABLE_STRICT_OBJC_MSGSEND = YES;
				GCC_C_LANGUAGE_STANDARD = gnu99;
				GCC_DYNAMIC_NO_PIC = NO;
				GCC_OPTIMIZATION_LEVEL = 0;
				GCC_PREPROCESSOR_DEFINITIONS = (
					"DEBUG=1",
					"$(inherited)",
				);
				GCC_SYMBOLS_PRIVATE_EXTERN = NO;
				GCC_WARN_64_TO_32_BIT_CONVERSION = YES;
				GCC_WARN_ABOUT_RETURN_TYPE = YES_ERROR;
				GCC_WARN_UNDECLARED_SELECTOR = YES;
				GCC_WARN_UNINITIALIZED_AUTOS = YES_AGGRESSIVE;
				GCC_WARN_UNUSED_FUNCTION = YES;
				GCC_WARN_UNUSED_VARIABLE = YES;
				IPHONEOS_DEPLOYMENT_TARGET = 8.1;
				MTL_ENABLE_DEBUG_INFO = YES;
				ONLY_ACTIVE_ARCH = YES;
				SDKROOT = iphoneos;
				TARGETED_DEVICE_FAMILY = 2;
			};
			name = Debug;
		};
		E0B61A4D1A84940B00F0A72C /* Release */ = {
			isa = XCBuildConfiguration;
			buildSettings = {
				ALWAYS_SEARCH_USER_PATHS = NO;
				CLANG_CXX_LANGUAGE_STANDARD = "gnu++0x";
				CLANG_CXX_LIBRARY = "libc++";
				CLANG_ENABLE_MODULES = YES;
				CLANG_ENABLE_OBJC_ARC = YES;
				CLANG_WARN_BOOL_CONVERSION = YES;
				CLANG_WARN_CONSTANT_CONVERSION = YES;
				CLANG_WARN_DIRECT_OBJC_ISA_USAGE = YES_ERROR;
				CLANG_WARN_EMPTY_BODY = YES;
				CLANG_WARN_ENUM_CONVERSION = YES;
				CLANG_WARN_INT_CONVERSION = YES;
				CLANG_WARN_OBJC_ROOT_CLASS = YES_ERROR;
				CLANG_WARN_UNREACHABLE_CODE = YES;
				CLANG_WARN__DUPLICATE_METHOD_MATCH = YES;
				"CODE_SIGN_IDENTITY[sdk=iphoneos*]" = "iPhone Developer";
				COPY_PHASE_STRIP = YES;
				ENABLE_NS_ASSERTIONS = NO;
				ENABLE_STRICT_OBJC_MSGSEND = YES;
				GCC_C_LANGUAGE_STANDARD = gnu99;
				GCC_WARN_64_TO_32_BIT_CONVERSION = YES;
				GCC_WARN_ABOUT_RETURN_TYPE = YES_ERROR;
				GCC_WARN_UNDECLARED_SELECTOR = YES;
				GCC_WARN_UNINITIALIZED_AUTOS = YES_AGGRESSIVE;
				GCC_WARN_UNUSED_FUNCTION = YES;
				GCC_WARN_UNUSED_VARIABLE = YES;
				IPHONEOS_DEPLOYMENT_TARGET = 8.1;
				MTL_ENABLE_DEBUG_INFO = NO;
				SDKROOT = iphoneos;
				TARGETED_DEVICE_FAMILY = 2;
				VALIDATE_PRODUCT = YES;
			};
			name = Release;
		};
		E0B61A4F1A84940B00F0A72C /* Debug */ = {
			isa = XCBuildConfiguration;
			buildSettings = {
				ASSETCATALOG_COMPILER_APPICON_NAME = AppIcon;
				INFOPLIST_FILE = "Lesson37-38Ex/Info.plist";
				LD_RUNPATH_SEARCH_PATHS = "$(inherited) @executable_path/Frameworks";
				PRODUCT_NAME = "$(TARGET_NAME)";
			};
			name = Debug;
		};
		E0B61A501A84940B00F0A72C /* Release */ = {
			isa = XCBuildConfiguration;
			buildSettings = {
				ASSETCATALOG_COMPILER_APPICON_NAME = AppIcon;
				INFOPLIST_FILE = "Lesson37-38Ex/Info.plist";
				LD_RUNPATH_SEARCH_PATHS = "$(inherited) @executable_path/Frameworks";
				PRODUCT_NAME = "$(TARGET_NAME)";
			};
			name = Release;
		};
		E0B61A521A84940B00F0A72C /* Debug */ = {
			isa = XCBuildConfiguration;
			buildSettings = {
				BUNDLE_LOADER = "$(TEST_HOST)";
				FRAMEWORK_SEARCH_PATHS = (
					"$(SDKROOT)/Developer/Library/Frameworks",
					"$(inherited)",
				);
				GCC_PREPROCESSOR_DEFINITIONS = (
					"DEBUG=1",
					"$(inherited)",
				);
				INFOPLIST_FILE = "Lesson37-38ExTests/Info.plist";
				LD_RUNPATH_SEARCH_PATHS = "$(inherited) @executable_path/Frameworks @loader_path/Frameworks";
				PRODUCT_NAME = "$(TARGET_NAME)";
				TEST_HOST = "$(BUILT_PRODUCTS_DIR)/Lesson37-38Ex.app/Lesson37-38Ex";
			};
			name = Debug;
		};
		E0B61A531A84940B00F0A72C /* Release */ = {
			isa = XCBuildConfiguration;
			buildSettings = {
				BUNDLE_LOADER = "$(TEST_HOST)";
				FRAMEWORK_SEARCH_PATHS = (
					"$(SDKROOT)/Developer/Library/Frameworks",
					"$(inherited)",
				);
				INFOPLIST_FILE = "Lesson37-38ExTests/Info.plist";
				LD_RUNPATH_SEARCH_PATHS = "$(inherited) @executable_path/Frameworks @loader_path/Frameworks";
				PRODUCT_NAME = "$(TARGET_NAME)";
				TEST_HOST = "$(BUILT_PRODUCTS_DIR)/Lesson37-38Ex.app/Lesson37-38Ex";
			};
			name = Release;
		};
/* End XCBuildConfiguration section */

/* Begin XCConfigurationList section */
		E0B61A261A84940B00F0A72C /* Build configuration list for PBXProject "Lesson37-38Ex" */ = {
			isa = XCConfigurationList;
			buildConfigurations = (
				E0B61A4C1A84940B00F0A72C /* Debug */,
				E0B61A4D1A84940B00F0A72C /* Release */,
			);
			defaultConfigurationIsVisible = 0;
			defaultConfigurationName = Release;
		};
		E0B61A4E1A84940B00F0A72C /* Build configuration list for PBXNativeTarget "Lesson37-38Ex" */ = {
			isa = XCConfigurationList;
			buildConfigurations = (
				E0B61A4F1A84940B00F0A72C /* Debug */,
				E0B61A501A84940B00F0A72C /* Release */,
			);
			defaultConfigurationIsVisible = 0;
			defaultConfigurationName = Release;
		};
		E0B61A511A84940B00F0A72C /* Build configuration list for PBXNativeTarget "Lesson37-38ExTests" */ = {
			isa = XCConfigurationList;
			buildConfigurations = (
				E0B61A521A84940B00F0A72C /* Debug */,
				E0B61A531A84940B00F0A72C /* Release */,
			);
			defaultConfigurationIsVisible = 0;
			defaultConfigurationName = Release;
		};
/* End XCConfigurationList section */
	};
	rootObject = E0B61A231A84940B00F0A72C /* Project object */;
}
